// !$*UTF8*$!
{
	archiveVersion = 1;
	classes = {
	};
	objectVersion = 50;
	objects = {

/* Begin PBXBuildFile section */
		21F6BED42586347C002F3D0D /* CurrencyConvertionApp.swift in Sources */ = {isa = PBXBuildFile; fileRef = 21F6BED32586347C002F3D0D /* CurrencyConvertionApp.swift */; };
		21F6BED62586347C002F3D0D /* CurrencyView.swift in Sources */ = {isa = PBXBuildFile; fileRef = 21F6BED52586347C002F3D0D /* CurrencyView.swift */; };
		21F6BED82586347D002F3D0D /* Assets.xcassets in Resources */ = {isa = PBXBuildFile; fileRef = 21F6BED72586347D002F3D0D /* Assets.xcassets */; };
		21F6BEDB2586347D002F3D0D /* Preview Assets.xcassets in Resources */ = {isa = PBXBuildFile; fileRef = 21F6BEDA2586347D002F3D0D /* Preview Assets.xcassets */; };
		21F6BEE6258634ED002F3D0D /* NetworkClient.swift in Sources */ = {isa = PBXBuildFile; fileRef = 21F6BEE5258634ED002F3D0D /* NetworkClient.swift */; };
		21F6BEEA25863695002F3D0D /* ErrorInfo.swift in Sources */ = {isa = PBXBuildFile; fileRef = 21F6BEE925863695002F3D0D /* ErrorInfo.swift */; };
		21F6BEEE25863B4F002F3D0D /* CurrencyList.swift in Sources */ = {isa = PBXBuildFile; fileRef = 21F6BEED25863B4F002F3D0D /* CurrencyList.swift */; };
		21F6BEF3258649EC002F3D0D /* CurrencyViewModel.swift in Sources */ = {isa = PBXBuildFile; fileRef = 21F6BEF2258649EC002F3D0D /* CurrencyViewModel.swift */; };
		21F6BEF725864A9C002F3D0D /* NetworkClientType.swift in Sources */ = {isa = PBXBuildFile; fileRef = 21F6BEF625864A9C002F3D0D /* NetworkClientType.swift */; };
		21F6BEFB25865328002F3D0D /* CurrencyInfo.swift in Sources */ = {isa = PBXBuildFile; fileRef = 21F6BEFA25865328002F3D0D /* CurrencyInfo.swift */; };
		21F6BEFF258661AC002F3D0D /* Publisher+Main.swift in Sources */ = {isa = PBXBuildFile; fileRef = 21F6BEFE258661AC002F3D0D /* Publisher+Main.swift */; };
/* End PBXBuildFile section */

/* Begin PBXFileReference section */
		21F6BED02586347C002F3D0D /* CurrencyConvertion.app */ = {isa = PBXFileReference; explicitFileType = wrapper.application; includeInIndex = 0; path = CurrencyConvertion.app; sourceTree = BUILT_PRODUCTS_DIR; };
		21F6BED32586347C002F3D0D /* CurrencyConvertionApp.swift */ = {isa = PBXFileReference; lastKnownFileType = sourcecode.swift; path = CurrencyConvertionApp.swift; sourceTree = "<group>"; };
		21F6BED52586347C002F3D0D /* CurrencyView.swift */ = {isa = PBXFileReference; lastKnownFileType = sourcecode.swift; path = CurrencyView.swift; sourceTree = "<group>"; };
		21F6BED72586347D002F3D0D /* Assets.xcassets */ = {isa = PBXFileReference; lastKnownFileType = folder.assetcatalog; path = Assets.xcassets; sourceTree = "<group>"; };
		21F6BEDA2586347D002F3D0D /* Preview Assets.xcassets */ = {isa = PBXFileReference; lastKnownFileType = folder.assetcatalog; path = "Preview Assets.xcassets"; sourceTree = "<group>"; };
		21F6BEDC2586347D002F3D0D /* Info.plist */ = {isa = PBXFileReference; lastKnownFileType = text.plist.xml; path = Info.plist; sourceTree = "<group>"; };
		21F6BEE5258634ED002F3D0D /* NetworkClient.swift */ = {isa = PBXFileReference; lastKnownFileType = sourcecode.swift; path = NetworkClient.swift; sourceTree = "<group>"; };
		21F6BEE925863695002F3D0D /* ErrorInfo.swift */ = {isa = PBXFileReference; lastKnownFileType = sourcecode.swift; path = ErrorInfo.swift; sourceTree = "<group>"; };
		21F6BEED25863B4F002F3D0D /* CurrencyList.swift */ = {isa = PBXFileReference; lastKnownFileType = sourcecode.swift; path = CurrencyList.swift; sourceTree = "<group>"; };
		21F6BEF2258649EC002F3D0D /* CurrencyViewModel.swift */ = {isa = PBXFileReference; lastKnownFileType = sourcecode.swift; path = CurrencyViewModel.swift; sourceTree = "<group>"; };
		21F6BEF625864A9C002F3D0D /* NetworkClientType.swift */ = {isa = PBXFileReference; lastKnownFileType = sourcecode.swift; path = NetworkClientType.swift; sourceTree = "<group>"; };
		21F6BEFA25865328002F3D0D /* CurrencyInfo.swift */ = {isa = PBXFileReference; lastKnownFileType = sourcecode.swift; path = CurrencyInfo.swift; sourceTree = "<group>"; };
		21F6BEFE258661AC002F3D0D /* Publisher+Main.swift */ = {isa = PBXFileReference; lastKnownFileType = sourcecode.swift; path = "Publisher+Main.swift"; sourceTree = "<group>"; };
/* End PBXFileReference section */

/* Begin PBXFrameworksBuildPhase section */
		21F6BECD2586347C002F3D0D /* Frameworks */ = {
			isa = PBXFrameworksBuildPhase;
			buildActionMask = 2147483647;
			files = (
			);
			runOnlyForDeploymentPostprocessing = 0;
		};
/* End PBXFrameworksBuildPhase section */

/* Begin PBXGroup section */
		21F6BEC72586347C002F3D0D = {
			isa = PBXGroup;
			children = (
				21F6BED22586347C002F3D0D /* CurrencyConvertion */,
				21F6BED12586347C002F3D0D /* Products */,
			);
			sourceTree = "<group>";
		};
		21F6BED12586347C002F3D0D /* Products */ = {
			isa = PBXGroup;
			children = (
				21F6BED02586347C002F3D0D /* CurrencyConvertion.app */,
			);
			name = Products;
			sourceTree = "<group>";
		};
		21F6BED22586347C002F3D0D /* CurrencyConvertion */ = {
			isa = PBXGroup;
			children = (
				21F6BEFD258661A1002F3D0D /* Extensions */,
				21F6BEE325863492002F3D0D /* Services */,
				21F6BEF9258652FB002F3D0D /* Models */,
				21F6BEF1258649B7002F3D0D /* Views */,
				21F6BEF0258649A3002F3D0D /* ViewModels */,
				21F6BED72586347D002F3D0D /* Assets.xcassets */,
				21F6BEDC2586347D002F3D0D /* Info.plist */,
				21F6BED92586347D002F3D0D /* Preview Content */,
			);
			path = CurrencyConvertion;
			sourceTree = "<group>";
		};
		21F6BED92586347D002F3D0D /* Preview Content */ = {
			isa = PBXGroup;
			children = (
				21F6BEDA2586347D002F3D0D /* Preview Assets.xcassets */,
			);
			path = "Preview Content";
			sourceTree = "<group>";
		};
		21F6BEE325863492002F3D0D /* Services */ = {
			isa = PBXGroup;
			children = (
				21F6BEE4258634A7002F3D0D /* Network */,
			);
			path = Services;
			sourceTree = "<group>";
		};
		21F6BEE4258634A7002F3D0D /* Network */ = {
			isa = PBXGroup;
			children = (
				21F6BEF625864A9C002F3D0D /* NetworkClientType.swift */,
				21F6BEE5258634ED002F3D0D /* NetworkClient.swift */,
				21F6BEEC25863B12002F3D0D /* Models */,
			);
			path = Network;
			sourceTree = "<group>";
		};
		21F6BEEC25863B12002F3D0D /* Models */ = {
			isa = PBXGroup;
			children = (
				21F6BEE925863695002F3D0D /* ErrorInfo.swift */,
				21F6BEED25863B4F002F3D0D /* CurrencyList.swift */,
			);
			path = Models;
			sourceTree = "<group>";
		};
		21F6BEF0258649A3002F3D0D /* ViewModels */ = {
			isa = PBXGroup;
			children = (
				21F6BEF2258649EC002F3D0D /* CurrencyViewModel.swift */,
			);
			path = ViewModels;
			sourceTree = "<group>";
		};
		21F6BEF1258649B7002F3D0D /* Views */ = {
			isa = PBXGroup;
			children = (
				21F6BED32586347C002F3D0D /* CurrencyConvertionApp.swift */,
				21F6BED52586347C002F3D0D /* CurrencyView.swift */,
			);
			path = Views;
			sourceTree = "<group>";
		};
		21F6BEF9258652FB002F3D0D /* Models */ = {
			isa = PBXGroup;
			children = (
				21F6BEFA25865328002F3D0D /* CurrencyInfo.swift */,
			);
			path = Models;
			sourceTree = "<group>";
		};
		21F6BEFD258661A1002F3D0D /* Extensions */ = {
			isa = PBXGroup;
			children = (
				21F6BEFE258661AC002F3D0D /* Publisher+Main.swift */,
			);
			path = Extensions;
			sourceTree = "<group>";
		};
/* End PBXGroup section */

/* Begin PBXNativeTarget section */
		21F6BECF2586347C002F3D0D /* CurrencyConvertion */ = {
			isa = PBXNativeTarget;
			buildConfigurationList = 21F6BEDF2586347D002F3D0D /* Build configuration list for PBXNativeTarget "CurrencyConvertion" */;
			buildPhases = (
				21F6BECC2586347C002F3D0D /* Sources */,
				21F6BECD2586347C002F3D0D /* Frameworks */,
				21F6BECE2586347C002F3D0D /* Resources */,
			);
			buildRules = (
			);
			dependencies = (
			);
			name = CurrencyConvertion;
			productName = CurrencyConvertion;
			productReference = 21F6BED02586347C002F3D0D /* CurrencyConvertion.app */;
			productType = "com.apple.product-type.application";
		};
/* End PBXNativeTarget section */

/* Begin PBXProject section */
		21F6BEC82586347C002F3D0D /* Project object */ = {
			isa = PBXProject;
			attributes = {
				LastSwiftUpdateCheck = 1220;
				LastUpgradeCheck = 1220;
				TargetAttributes = {
					21F6BECF2586347C002F3D0D = {
						CreatedOnToolsVersion = 12.2;
					};
				};
			};
			buildConfigurationList = 21F6BECB2586347C002F3D0D /* Build configuration list for PBXProject "CurrencyConvertion" */;
			compatibilityVersion = "Xcode 9.3";
			developmentRegion = en;
			hasScannedForEncodings = 0;
			knownRegions = (
				en,
				Base,
			);
			mainGroup = 21F6BEC72586347C002F3D0D;
			productRefGroup = 21F6BED12586347C002F3D0D /* Products */;
			projectDirPath = "";
			projectRoot = "";
			targets = (
				21F6BECF2586347C002F3D0D /* CurrencyConvertion */,
			);
		};
/* End PBXProject section */

/* Begin PBXResourcesBuildPhase section */
		21F6BECE2586347C002F3D0D /* Resources */ = {
			isa = PBXResourcesBuildPhase;
			buildActionMask = 2147483647;
			files = (
				21F6BEDB2586347D002F3D0D /* Preview Assets.xcassets in Resources */,
				21F6BED82586347D002F3D0D /* Assets.xcassets in Resources */,
			);
			runOnlyForDeploymentPostprocessing = 0;
		};
/* End PBXResourcesBuildPhase section */

/* Begin PBXSourcesBuildPhase section */
		21F6BECC2586347C002F3D0D /* Sources */ = {
			isa = PBXSourcesBuildPhase;
			buildActionMask = 2147483647;
			files = (
				21F6BEEA25863695002F3D0D /* ErrorInfo.swift in Sources */,
				21F6BEF3258649EC002F3D0D /* CurrencyViewModel.swift in Sources */,
				21F6BED62586347C002F3D0D /* CurrencyView.swift in Sources */,
				21F6BED42586347C002F3D0D /* CurrencyConvertionApp.swift in Sources */,
				21F6BEFF258661AC002F3D0D /* Publisher+Main.swift in Sources */,
				21F6BEFB25865328002F3D0D /* CurrencyInfo.swift in Sources */,
				21F6BEF725864A9C002F3D0D /* NetworkClientType.swift in Sources */,
				21F6BEEE25863B4F002F3D0D /* CurrencyList.swift in Sources */,
				21F6BEE6258634ED002F3D0D /* NetworkClient.swift in Sources */,
			);
			runOnlyForDeploymentPostprocessing = 0;
		};
/* End PBXSourcesBuildPhase section */

/* Begin XCBuildConfiguration section */
		21F6BEDD2586347D002F3D0D /* Debug */ = {
			isa = XCBuildConfiguration;
			buildSettings = {
				ALWAYS_SEARCH_USER_PATHS = NO;
				CLANG_ANALYZER_NONNULL = YES;
				CLANG_ANALYZER_NUMBER_OBJECT_CONVERSION = YES_AGGRESSIVE;
				CLANG_CXX_LANGUAGE_STANDARD = "gnu++14";
				CLANG_CXX_LIBRARY = "libc++";
				CLANG_ENABLE_MODULES = YES;
				CLANG_ENABLE_OBJC_ARC = YES;
				CLANG_ENABLE_OBJC_WEAK = YES;
				CLANG_WARN_BLOCK_CAPTURE_AUTORELEASING = YES;
				CLANG_WARN_BOOL_CONVERSION = YES;
				CLANG_WARN_COMMA = YES;
				CLANG_WARN_CONSTANT_CONVERSION = YES;
				CLANG_WARN_DEPRECATED_OBJC_IMPLEMENTATIONS = YES;
				CLANG_WARN_DIRECT_OBJC_ISA_USAGE = YES_ERROR;
				CLANG_WARN_DOCUMENTATION_COMMENTS = YES;
				CLANG_WARN_EMPTY_BODY = YES;
				CLANG_WARN_ENUM_CONVERSION = YES;
				CLANG_WARN_INFINITE_RECURSION = YES;
				CLANG_WARN_INT_CONVERSION = YES;
				CLANG_WARN_NON_LITERAL_NULL_CONVERSION = YES;
				CLANG_WARN_OBJC_IMPLICIT_RETAIN_SELF = YES;
				CLANG_WARN_OBJC_LITERAL_CONVERSION = YES;
				CLANG_WARN_OBJC_ROOT_CLASS = YES_ERROR;
				CLANG_WARN_QUOTED_INCLUDE_IN_FRAMEWORK_HEADER = YES;
				CLANG_WARN_RANGE_LOOP_ANALYSIS = YES;
				CLANG_WARN_STRICT_PROTOTYPES = YES;
				CLANG_WARN_SUSPICIOUS_MOVE = YES;
				CLANG_WARN_UNGUARDED_AVAILABILITY = YES_AGGRESSIVE;
				CLANG_WARN_UNREACHABLE_CODE = YES;
				CLANG_WARN__DUPLICATE_METHOD_MATCH = YES;
				COPY_PHASE_STRIP = NO;
				DEBUG_INFORMATION_FORMAT = dwarf;
				ENABLE_STRICT_OBJC_MSGSEND = YES;
				ENABLE_TESTABILITY = YES;
				GCC_C_LANGUAGE_STANDARD = gnu11;
				GCC_DYNAMIC_NO_PIC = NO;
				GCC_NO_COMMON_BLOCKS = YES;
				GCC_OPTIMIZATION_LEVEL = 0;
				GCC_PREPROCESSOR_DEFINITIONS = (
					"DEBUG=1",
					"$(inherited)",
				);
				GCC_WARN_64_TO_32_BIT_CONVERSION = YES;
				GCC_WARN_ABOUT_RETURN_TYPE = YES_ERROR;
				GCC_WARN_UNDECLARED_SELECTOR = YES;
				GCC_WARN_UNINITIALIZED_AUTOS = YES_AGGRESSIVE;
				GCC_WARN_UNUSED_FUNCTION = YES;
				GCC_WARN_UNUSED_VARIABLE = YES;
				IPHONEOS_DEPLOYMENT_TARGET = 14.2;
				MTL_ENABLE_DEBUG_INFO = INCLUDE_SOURCE;
				MTL_FAST_MATH = YES;
				ONLY_ACTIVE_ARCH = YES;
				SDKROOT = iphoneos;
				SWIFT_ACTIVE_COMPILATION_CONDITIONS = DEBUG;
				SWIFT_OPTIMIZATION_LEVEL = "-Onone";
			};
			name = Debug;
		};
		21F6BEDE2586347D002F3D0D /* Release */ = {
			isa = XCBuildConfiguration;
			buildSettings = {
				ALWAYS_SEARCH_USER_PATHS = NO;
				CLANG_ANALYZER_NONNULL = YES;
				CLANG_ANALYZER_NUMBER_OBJECT_CONVERSION = YES_AGGRESSIVE;
				CLANG_CXX_LANGUAGE_STANDARD = "gnu++14";
				CLANG_CXX_LIBRARY = "libc++";
				CLANG_ENABLE_MODULES = YES;
				CLANG_ENABLE_OBJC_ARC = YES;
				CLANG_ENABLE_OBJC_WEAK = YES;
				CLANG_WARN_BLOCK_CAPTURE_AUTORELEASING = YES;
				CLANG_WARN_BOOL_CONVERSION = YES;
				CLANG_WARN_COMMA = YES;
				CLANG_WARN_CONSTANT_CONVERSION = YES;
				CLANG_WARN_DEPRECATED_OBJC_IMPLEMENTATIONS = YES;
				CLANG_WARN_DIRECT_OBJC_ISA_USAGE = YES_ERROR;
				CLANG_WARN_DOCUMENTATION_COMMENTS = YES;
				CLANG_WARN_EMPTY_BODY = YES;
				CLANG_WARN_ENUM_CONVERSION = YES;
				CLANG_WARN_INFINITE_RECURSION = YES;
				CLANG_WARN_INT_CONVERSION = YES;
				CLANG_WARN_NON_LITERAL_NULL_CONVERSION = YES;
				CLANG_WARN_OBJC_IMPLICIT_RETAIN_SELF = YES;
				CLANG_WARN_OBJC_LITERAL_CONVERSION = YES;
				CLANG_WARN_OBJC_ROOT_CLASS = YES_ERROR;
				CLANG_WARN_QUOTED_INCLUDE_IN_FRAMEWORK_HEADER = YES;
				CLANG_WARN_RANGE_LOOP_ANALYSIS = YES;
				CLANG_WARN_STRICT_PROTOTYPES = YES;
				CLANG_WARN_SUSPICIOUS_MOVE = YES;
				CLANG_WARN_UNGUARDED_AVAILABILITY = YES_AGGRESSIVE;
				CLANG_WARN_UNREACHABLE_CODE = YES;
				CLANG_WARN__DUPLICATE_METHOD_MATCH = YES;
				COPY_PHASE_STRIP = NO;
				DEBUG_INFORMATION_FORMAT = "dwarf-with-dsym";
				ENABLE_NS_ASSERTIONS = NO;
				ENABLE_STRICT_OBJC_MSGSEND = YES;
				GCC_C_LANGUAGE_STANDARD = gnu11;
				GCC_NO_COMMON_BLOCKS = YES;
				GCC_WARN_64_TO_32_BIT_CONVERSION = YES;
				GCC_WARN_ABOUT_RETURN_TYPE = YES_ERROR;
				GCC_WARN_UNDECLARED_SELECTOR = YES;
				GCC_WARN_UNINITIALIZED_AUTOS = YES_AGGRESSIVE;
				GCC_WARN_UNUSED_FUNCTION = YES;
				GCC_WARN_UNUSED_VARIABLE = YES;
				IPHONEOS_DEPLOYMENT_TARGET = 14.2;
				MTL_ENABLE_DEBUG_INFO = NO;
				MTL_FAST_MATH = YES;
				SDKROOT = iphoneos;
				SWIFT_COMPILATION_MODE = wholemodule;
				SWIFT_OPTIMIZATION_LEVEL = "-O";
				VALIDATE_PRODUCT = YES;
			};
			name = Release;
		};
		21F6BEE02586347D002F3D0D /* Debug */ = {
			isa = XCBuildConfiguration;
			buildSettings = {
				ASSETCATALOG_COMPILER_APPICON_NAME = AppIcon;
				ASSETCATALOG_COMPILER_GLOBAL_ACCENT_COLOR_NAME = AccentColor;
				CODE_SIGN_STYLE = Automatic;
				DEVELOPMENT_ASSET_PATHS = "\"CurrencyConvertion/Preview Content\"";
				DEVELOPMENT_TEAM = 44P2L32FL4;
				ENABLE_PREVIEWS = YES;
				INFOPLIST_FILE = CurrencyConvertion/Info.plist;
				IPHONEOS_DEPLOYMENT_TARGET = 14.0;
				LD_RUNPATH_SEARCH_PATHS = (
					"$(inherited)",
					"@executable_path/Frameworks",
				);
				PRODUCT_BUNDLE_IDENTIFIER = com.sy.CurrencyConvertion;
				PRODUCT_NAME = "$(TARGET_NAME)";
				SWIFT_VERSION = 5.0;
				TARGETED_DEVICE_FAMILY = "1,2";
			};
			name = Debug;
		};
		21F6BEE12586347D002F3D0D /* Release */ = {
			isa = XCBuildConfiguration;
			buildSettings = {
				ASSETCATALOG_COMPILER_APPICON_NAME = AppIcon;
				ASSETCATALOG_COMPILER_GLOBAL_ACCENT_COLOR_NAME = AccentColor;
				CODE_SIGN_STYLE = Automatic;
				DEVELOPMENT_ASSET_PATHS = "\"CurrencyConvertion/Preview Content\"";
				DEVELOPMENT_TEAM = 44P2L32FL4;
				ENABLE_PREVIEWS = YES;
				INFOPLIST_FILE = CurrencyConvertion/Info.plist;
				IPHONEOS_DEPLOYMENT_TARGET = 14.0;
				LD_RUNPATH_SEARCH_PATHS = (
					"$(inherited)",
					"@executable_path/Frameworks",
				);
				PRODUCT_BUNDLE_IDENTIFIER = com.sy.CurrencyConvertion;
				PRODUCT_NAME = "$(TARGET_NAME)";
				SWIFT_VERSION = 5.0;
				TARGETED_DEVICE_FAMILY = "1,2";
			};
			name = Release;
		};
/* End XCBuildConfiguration section */

/* Begin XCConfigurationList section */
		21F6BECB2586347C002F3D0D /* Build configuration list for PBXProject "CurrencyConvertion" */ = {
			isa = XCConfigurationList;
			buildConfigurations = (
				21F6BEDD2586347D002F3D0D /* Debug */,
				21F6BEDE2586347D002F3D0D /* Release */,
			);
			defaultConfigurationIsVisible = 0;
			defaultConfigurationName = Release;
		};
		21F6BEDF2586347D002F3D0D /* Build configuration list for PBXNativeTarget "CurrencyConvertion" */ = {
			isa = XCConfigurationList;
			buildConfigurations = (
				21F6BEE02586347D002F3D0D /* Debug */,
				21F6BEE12586347D002F3D0D /* Release */,
			);
			defaultConfigurationIsVisible = 0;
			defaultConfigurationName = Release;
		};
/* End XCConfigurationList section */
	};
	rootObject = 21F6BEC82586347C002F3D0D /* Project object */;
}
